
Microsoft Visual Studio Solution File, Format Version 12.00
# Visual Studio Version 16
VisualStudioVersion = 16.0.31515.178
MinimumVisualStudioVersion = 10.0.40219.1
Project("{FAE04EC0-301F-11D3-BF4B-00C04F79EFBC}") = "Sorting", "Sorting\Sorting.csproj", "{225928DA-015E-4E83-8922-38CDA7F90789}"
EndProject
Global
	GlobalSection(SolutionConfigurationPlatforms) = preSolution
		Debug|Any CPU = Debug|Any CPU
		Release|Any CPU = Release|Any CPU
	EndGlobalSection
	GlobalSection(ProjectConfigurationPlatforms) = postSolution
		{225928DA-015E-4E83-8922-38CDA7F90789}.Debug|Any CPU.ActiveCfg = Debug|Any CPU
		{225928DA-015E-4E83-8922-38CDA7F90789}.Debug|Any CPU.Build.0 = Debug|Any CPU
		{225928DA-015E-4E83-8922-38CDA7F90789}.Release|Any CPU.ActiveCfg = Release|Any CPU
		{225928DA-015E-4E83-8922-38CDA7F90789}.Release|Any CPU.Build.0 = Release|Any CPU
	EndGlobalSection
	GlobalSection(SolutionProperties) = preSolution
		HideSolutionNode = FALSE
	EndGlobalSection
	GlobalSection(ExtensibilityGlobals) = postSolution
		SolutionGuid = {C4ADF459-1287-4447-B3BC-DFE8267AB5E5}
	EndGlobalSection
EndGlobal
